{
  "version": "5",
  "remote": {
    "https://edge.netlify.com/": "fd941d61d88673d5f28aab283fb86fcc50f08a3bc80ee5470498fcfa88c65cfb",
    "https://edge.netlify.com/bootstrap/config.ts": "6a2ce0e544e15e8f8883a5c18da5948e37fd0f2619f68cb31f3af53c51817025",
    "https://edge.netlify.com/bootstrap/context.ts": "e97240232121e2f369f6546ce961490f34d961ea1ea54be3ff09633e3f08373f",
    "https://edge.netlify.com/bootstrap/cookie.ts": "8b0baae708989ca183c6f3b4ab3d029e6abcbc2e43f93edeb0ff447b3bbc3a05",
    "https://edge.netlify.com/bootstrap/edge_function.ts": "b8253e86aa83c67341f5cfedeba5049d77fbf84dcab7eceff7566b7728ae9b39",
    "https://edge.netlify.com/bootstrap/globals/types.ts": "eaa6148ded3121d8dee62dd91c86e7fe76601df0f3ca8d7962243a30f4c8935f"
  },
  "workspace": {
    "packageJson": {
      "dependencies": [
        "npm:@aws-sdk/client-s3@^3.984.0",
        "npm:@aws-sdk/s3-request-presigner@^3.1035.0",
        "npm:@capacitor/android@^8.2.0",
        "npm:@capacitor/app@^8.0.1",
        "npm:@capacitor/assets@^3.0.5",
        "npm:@capacitor/browser@^8.0.3",
        "npm:@capacitor/camera@^8.0.2",
        "npm:@capacitor/cli@^8.2.0",
        "npm:@capacitor/core@^8.4.0",
        "npm:@capacitor/device@^8.0.1",
        "npm:@capacitor/filesystem@^8.1.2",
        "npm:@capacitor/keyboard@^8.0.1",
        "npm:@capacitor/push-notifications@^8.0.2",
        "npm:@capacitor/status-bar@^8.0.1",
        "npm:@capgo/capacitor-updater@^8.43.10",
        "npm:@socket.io/redis-adapter@^8.3.0",
        "npm:axios@^1.14.0",
        "npm:bcryptjs@^2.4.3",
        "npm:connect-mongo@6",
        "npm:cookie-parser@^1.4.7",
        "npm:cors@^2.8.5",
        "npm:cross-env@^10.1.0",
        "npm:dotenv@^16.3.1",
        "npm:eslint-plugin-security@^3.0.1",
        "npm:eslint@^9.17.0",
        "npm:express-mongo-sanitize@^2.2.0",
        "npm:express-rate-limit@^8.2.1",
        "npm:express-session@^1.17.3",
        "npm:express-validator@^7.3.1",
        "npm:express@^4.18.2",
        "npm:firebase-admin@^13.8.0",
        "npm:form-data@^4.0.5",
        "npm:google-translate-api-x@^10.7.2",
        "npm:helmet@^8.1.0",
        "npm:ioredis@^5.10.0",
        "npm:jsonwebtoken@^9.0.2",
        "npm:livekit-server-sdk@^2.15.0",
        "npm:mongoose@^8.21.0",
        "npm:multer-s3@^3.0.1",
        "npm:multer@^1.4.5-lts.1",
        "npm:node-cron@^4.2.1",
        "npm:nodemailer@^8.0.2",
        "npm:open-graph-scraper-lite@^2.1.0",
        "npm:passport-google-oauth20@2",
        "npm:passport@0.7",
        "npm:prettier@^3.8.1",
        "npm:rss-parser@^3.13.0",
        "npm:sharp@~0.32.6",
        "npm:sitemap@9",
        "npm:socket.io@^4.6.1"
      ]
    }
  }
}
